PODS:
  - LineSDKSwift (5.7.0):
    - LineSDKSwift/Core (= 5.7.0)
  - LineSDKSwift/Core (5.7.0)
  - SDWebImage (5.11.1):
    - SDWebImage/Core (= 5.11.1)
  - SDWebImage/Core (5.11.1)

DEPENDENCIES:
  - LineSDKSwift (~> 5.0)
  - SDWebImage

SPEC REPOS:
  trunk:
    - LineSDKSwift
    - SDWebImage

SPEC CHECKSUMS:
  LineSDKSwift: f9c232f89185b887b5725aa278325f3a23e33bbc
  SDWebImage: a7f831e1a65eb5e285e3fb046a23fcfbf08e696d

PODFILE CHECKSUM: 961cdc8d36f0fe301c06f6567ad83772d5c3a28f

COCOAPODS: 1.10.0
