PODS:
  - LineSDKSwift (5.7.0):
    - LineSDKSwift/Core (= 5.7.0)
  - LineSDKSwift/Core (5.7.0)

DEPENDENCIES:
  - LineSDKSwift (~> 5.0)

SPEC REPOS:
  trunk:
    - LineSDKSwift

SPEC CHECKSUMS:
  LineSDKSwift: f9c232f89185b887b5725aa278325f3a23e33bbc

PODFILE CHECKSUM: f1db63ecbc7a04ea34bf830acc0d62c3993f64fb

COCOAPODS: 1.10.0
